
Microsoft Visual Studio Solution File, Format Version 12.00
# Visual Studio Version 17
VisualStudioVersion = 17.14.36310.24
MinimumVisualStudioVersion = 10.0.40219.1
Project("{FAE04EC0-301F-11D3-BF4B-00C04F79EFBC}") = "RP1_L00183767", "RP1_L00183767\RP1_L00183767.csproj", "{6A83B7B9-5ADF-4BC4-92AC-AF6588BE0DA7}"
EndProject
Project("{FAE04EC0-301F-11D3-BF4B-00C04F79EFBC}") = "RP1_L00183767.DataAccess", "RP1.DataAccess\RP1_L00183767.DataAccess.csproj", "{48520D20-AB23-4FFD-AA84-9D72C971D614}"
EndProject
Project("{FAE04EC0-301F-11D3-BF4B-00C04F79EFBC}") = "RP1_L00183767.Models", "RP1.Models\RP1_L00183767.Models.csproj", "{31E3C142-9B11-47CE-8B30-C44C5332E46A}"
EndProject
Global
	GlobalSection(SolutionConfigurationPlatforms) = preSolution
		Debug|Any CPU = Debug|Any CPU
		Release|Any CPU = Release|Any CPU
	EndGlobalSection
	GlobalSection(ProjectConfigurationPlatforms) = postSolution
		{6A83B7B9-5ADF-4BC4-92AC-AF6588BE0DA7}.Debug|Any CPU.ActiveCfg = Debug|Any CPU
		{6A83B7B9-5ADF-4BC4-92AC-AF6588BE0DA7}.Debug|Any CPU.Build.0 = Debug|Any CPU
		{6A83B7B9-5ADF-4BC4-92AC-AF6588BE0DA7}.Release|Any CPU.ActiveCfg = Release|Any CPU
		{6A83B7B9-5ADF-4BC4-92AC-AF6588BE0DA7}.Release|Any CPU.Build.0 = Release|Any CPU
		{48520D20-AB23-4FFD-AA84-9D72C971D614}.Debug|Any CPU.ActiveCfg = Debug|Any CPU
		{48520D20-AB23-4FFD-AA84-9D72C971D614}.Debug|Any CPU.Build.0 = Debug|Any CPU
		{48520D20-AB23-4FFD-AA84-9D72C971D614}.Release|Any CPU.ActiveCfg = Release|Any CPU
		{48520D20-AB23-4FFD-AA84-9D72C971D614}.Release|Any CPU.Build.0 = Release|Any CPU
		{31E3C142-9B11-47CE-8B30-C44C5332E46A}.Debug|Any CPU.ActiveCfg = Debug|Any CPU
		{31E3C142-9B11-47CE-8B30-C44C5332E46A}.Debug|Any CPU.Build.0 = Debug|Any CPU
		{31E3C142-9B11-47CE-8B30-C44C5332E46A}.Release|Any CPU.ActiveCfg = Release|Any CPU
		{31E3C142-9B11-47CE-8B30-C44C5332E46A}.Release|Any CPU.Build.0 = Release|Any CPU
	EndGlobalSection
	GlobalSection(SolutionProperties) = preSolution
		HideSolutionNode = FALSE
	EndGlobalSection
	GlobalSection(ExtensibilityGlobals) = postSolution
		SolutionGuid = {2B6C44B0-0105-40C0-A711-7725285EB0F3}
	EndGlobalSection
EndGlobal
